
Microsoft Visual Studio Solution File, Format Version 12.00
# Visual Studio 2015
Project("{FAE04EC0-301F-11D3-BF4B-00C04F79EFBC}") = "Love.CSharp", "Love.CSharp.csproj", "{EB8CF1A6-D25F-1D55-4EA3-BF617F4D83FD}"
EndProject
Global
	GlobalSection(SolutionConfigurationPlatforms) = preSolution
		Debug|Any CPU = Debug|Any CPU
		Release|Any CPU = Release|Any CPU
	EndGlobalSection
	GlobalSection(ProjectConfigurationPlatforms) = postSolution
		{EB8CF1A6-D25F-1D55-4EA3-BF617F4D83FD}.Debug|Any CPU.ActiveCfg = Debug|Any CPU
		{EB8CF1A6-D25F-1D55-4EA3-BF617F4D83FD}.Debug|Any CPU.Build.0 = Debug|Any CPU
		{EB8CF1A6-D25F-1D55-4EA3-BF617F4D83FD}.Release|Any CPU.ActiveCfg = Release|Any CPU
		{EB8CF1A6-D25F-1D55-4EA3-BF617F4D83FD}.Release|Any CPU.Build.0 = Release|Any CPU
	EndGlobalSection
	GlobalSection(SolutionProperties) = preSolution
		HideSolutionNode = FALSE
	EndGlobalSection
EndGlobal
